// !$*UTF8*$!
{
	archiveVersion = 1;
	classes = {
	};
	objectVersion = 46;
	objects = {

/* Begin PBXBuildFile section */
		682C3F691A6E44C800EF95D0 /* Roboto-Black.ttf in Resources */ = {isa = PBXBuildFile; fileRef = 682C3F5D1A6E44C800EF95D0 /* Roboto-Black.ttf */; };
		682C3F6A1A6E44C800EF95D0 /* Roboto-BlackItalic.ttf in Resources */ = {isa = PBXBuildFile; fileRef = 682C3F5E1A6E44C800EF95D0 /* Roboto-BlackItalic.ttf */; };
		682C3F6B1A6E44C800EF95D0 /* Roboto-Bold.ttf in Resources */ = {isa = PBXBuildFile; fileRef = 682C3F5F1A6E44C800EF95D0 /* Roboto-Bold.ttf */; };
		682C3F6C1A6E44C800EF95D0 /* Roboto-BoldItalic.ttf in Resources */ = {isa = PBXBuildFile; fileRef = 682C3F601A6E44C800EF95D0 /* Roboto-BoldItalic.ttf */; };
		682C3F6D1A6E44C800EF95D0 /* Roboto-Italic.ttf in Resources */ = {isa = PBXBuildFile; fileRef = 682C3F611A6E44C800EF95D0 /* Roboto-Italic.ttf */; };
		682C3F6E1A6E44C800EF95D0 /* Roboto-Light.ttf in Resources */ = {isa = PBXBuildFile; fileRef = 682C3F621A6E44C800EF95D0 /* Roboto-Light.ttf */; };
		682C3F6F1A6E44C800EF95D0 /* Roboto-LightItalic.ttf in Resources */ = {isa = PBXBuildFile; fileRef = 682C3F631A6E44C800EF95D0 /* Roboto-LightItalic.ttf */; };
		682C3F701A6E44C800EF95D0 /* Roboto-Medium.ttf in Resources */ = {isa = PBXBuildFile; fileRef = 682C3F641A6E44C800EF95D0 /* Roboto-Medium.ttf */; };
		682C3F711A6E44C800EF95D0 /* Roboto-MediumItalic.ttf in Resources */ = {isa = PBXBuildFile; fileRef = 682C3F651A6E44C800EF95D0 /* Roboto-MediumItalic.ttf */; };
		682C3F721A6E44C800EF95D0 /* Roboto-Regular.ttf in Resources */ = {isa = PBXBuildFile; fileRef = 682C3F661A6E44C800EF95D0 /* Roboto-Regular.ttf */; };
		682C3F731A6E44C800EF95D0 /* Roboto-Thin.ttf in Resources */ = {isa = PBXBuildFile; fileRef = 682C3F671A6E44C800EF95D0 /* Roboto-Thin.ttf */; };
		682C3F741A6E44C800EF95D0 /* Roboto-ThinItalic.ttf in Resources */ = {isa = PBXBuildFile; fileRef = 682C3F681A6E44C800EF95D0 /* Roboto-ThinItalic.ttf */; };
		689A3BC01A66B050006EB8D3 /* libShinobiPlayChartsUtils.a in Frameworks */ = {isa = PBXBuildFile; fileRef = 689A3BBD1A66AFBE006EB8D3 /* libShinobiPlayChartsUtils.a */; };
		68C4098E196AB046006345A6 /* Foundation.framework in Frameworks */ = {isa = PBXBuildFile; fileRef = 68C4098D196AB046006345A6 /* Foundation.framework */; };
		68C40990196AB046006345A6 /* CoreGraphics.framework in Frameworks */ = {isa = PBXBuildFile; fileRef = 68C4098F196AB046006345A6 /* CoreGraphics.framework */; };
		68C40992196AB046006345A6 /* UIKit.framework in Frameworks */ = {isa = PBXBuildFile; fileRef = 68C40991196AB046006345A6 /* UIKit.framework */; };
		68C40998196AB046006345A6 /* InfoPlist.strings in Resources */ = {isa = PBXBuildFile; fileRef = 68C40996196AB046006345A6 /* InfoPlist.strings */; };
		68C4099A196AB046006345A6 /* main.m in Sources */ = {isa = PBXBuildFile; fileRef = 68C40999196AB046006345A6 /* main.m */; };
		68C4099E196AB046006345A6 /* TDFAppDelegate.m in Sources */ = {isa = PBXBuildFile; fileRef = 68C4099D196AB046006345A6 /* TDFAppDelegate.m */; };
		68C409A1196AB046006345A6 /* Main.storyboard in Resources */ = {isa = PBXBuildFile; fileRef = 68C4099F196AB046006345A6 /* Main.storyboard */; };
		68C409A4196AB046006345A6 /* TDFViewController.m in Sources */ = {isa = PBXBuildFile; fileRef = 68C409A3196AB046006345A6 /* TDFViewController.m */; };
		68C409A6196AB046006345A6 /* Images.xcassets in Resources */ = {isa = PBXBuildFile; fileRef = 68C409A5196AB046006345A6 /* Images.xcassets */; };
		68C409CD196AB3BD006345A6 /* ShinobiCharts.framework in Frameworks */ = {isa = PBXBuildFile; fileRef = 68C409CC196AB3BD006345A6 /* ShinobiCharts.framework */; };
		68C409D0196AC65D006345A6 /* TDFDataSource.m in Sources */ = {isa = PBXBuildFile; fileRef = 68C409CF196AC65D006345A6 /* TDFDataSource.m */; };
		68C409D6196AC698006345A6 /* TDFChartData.m in Sources */ = {isa = PBXBuildFile; fileRef = 68C409D2196AC698006345A6 /* TDFChartData.m */; };
		68C409D7196AC698006345A6 /* tdf2012_peaks.plist in Resources */ = {isa = PBXBuildFile; fileRef = 68C409D3196AC698006345A6 /* tdf2012_peaks.plist */; };
		68C409D8196AC698006345A6 /* TDFPeak.m in Sources */ = {isa = PBXBuildFile; fileRef = 68C409D5196AC698006345A6 /* TDFPeak.m */; };
		68C409DA196AC79A006345A6 /* libstdc++.dylib in Frameworks */ = {isa = PBXBuildFile; fileRef = 68C409D9196AC79A006345A6 /* libstdc++.dylib */; };
		68C409DC196AC925006345A6 /* tdf2012_distElev.plist in Resources */ = {isa = PBXBuildFile; fileRef = 68C409DB196AC925006345A6 /* tdf2012_distElev.plist */; };
		68C409E3196ADCAF006345A6 /* TDFSignAnnotation.m in Sources */ = {isa = PBXBuildFile; fileRef = 68C409DE196ADCAF006345A6 /* TDFSignAnnotation.m */; };
		68C409E4196ADCAF006345A6 /* TDFSignArrowView.m in Sources */ = {isa = PBXBuildFile; fileRef = 68C409E0196ADCAF006345A6 /* TDFSignArrowView.m */; };
		68C409E5196ADCAF006345A6 /* TDFPeakAnnotation.m in Sources */ = {isa = PBXBuildFile; fileRef = 68C409E2196ADCAF006345A6 /* TDFPeakAnnotation.m */; };
		68C409E8196C020B006345A6 /* TDFCrosshairTooltip.m in Sources */ = {isa = PBXBuildFile; fileRef = 68C409E7196C020B006345A6 /* TDFCrosshairTooltip.m */; };
/* End PBXBuildFile section */

/* Begin PBXContainerItemProxy section */
		689A3BBC1A66AFBE006EB8D3 /* PBXContainerItemProxy */ = {
			isa = PBXContainerItemProxy;
			containerPortal = 689A3BB61A66AFBE006EB8D3 /* ShinobiPlayChartsUtils.xcodeproj */;
			proxyType = 2;
			remoteGlobalIDString = 684FAE071A6690EB000DD2BC;
			remoteInfo = ShinobiPlayChartsUtils;
		};
		689A3BBE1A66AFBE006EB8D3 /* PBXContainerItemProxy */ = {
			isa = PBXContainerItemProxy;
			containerPortal = 689A3BB61A66AFBE006EB8D3 /* ShinobiPlayChartsUtils.xcodeproj */;
			proxyType = 2;
			remoteGlobalIDString = 684FAE121A6690EB000DD2BC;
			remoteInfo = ShinobiPlayChartsUtilsTests;
		};
/* End PBXContainerItemProxy section */

/* Begin PBXFileReference section */
		682C3F5D1A6E44C800EF95D0 /* Roboto-Black.ttf */ = {isa = PBXFileReference; lastKnownFileType = file; path = "Roboto-Black.ttf"; sourceTree = "<group>"; };
		682C3F5E1A6E44C800EF95D0 /* Roboto-BlackItalic.ttf */ = {isa = PBXFileReference; lastKnownFileType = file; path = "Roboto-BlackItalic.ttf"; sourceTree = "<group>"; };
		682C3F5F1A6E44C800EF95D0 /* Roboto-Bold.ttf */ = {isa = PBXFileReference; lastKnownFileType = file; path = "Roboto-Bold.ttf"; sourceTree = "<group>"; };
		682C3F601A6E44C800EF95D0 /* Roboto-BoldItalic.ttf */ = {isa = PBXFileReference; lastKnownFileType = file; path = "Roboto-BoldItalic.ttf"; sourceTree = "<group>"; };
		682C3F611A6E44C800EF95D0 /* Roboto-Italic.ttf */ = {isa = PBXFileReference; lastKnownFileType = file; path = "Roboto-Italic.ttf"; sourceTree = "<group>"; };
		682C3F621A6E44C800EF95D0 /* Roboto-Light.ttf */ = {isa = PBXFileReference; lastKnownFileType = file; path = "Roboto-Light.ttf"; sourceTree = "<group>"; };
		682C3F631A6E44C800EF95D0 /* Roboto-LightItalic.ttf */ = {isa = PBXFileReference; lastKnownFileType = file; path = "Roboto-LightItalic.ttf"; sourceTree = "<group>"; };
		682C3F641A6E44C800EF95D0 /* Roboto-Medium.ttf */ = {isa = PBXFileReference; lastKnownFileType = file; path = "Roboto-Medium.ttf"; sourceTree = "<group>"; };
		682C3F651A6E44C800EF95D0 /* Roboto-MediumItalic.ttf */ = {isa = PBXFileReference; lastKnownFileType = file; path = "Roboto-MediumItalic.ttf"; sourceTree = "<group>"; };
		682C3F661A6E44C800EF95D0 /* Roboto-Regular.ttf */ = {isa = PBXFileReference; lastKnownFileType = file; path = "Roboto-Regular.ttf"; sourceTree = "<group>"; };
		682C3F671A6E44C800EF95D0 /* Roboto-Thin.ttf */ = {isa = PBXFileReference; lastKnownFileType = file; path = "Roboto-Thin.ttf"; sourceTree = "<group>"; };
		682C3F681A6E44C800EF95D0 /* Roboto-ThinItalic.ttf */ = {isa = PBXFileReference; lastKnownFileType = file; path = "Roboto-ThinItalic.ttf"; sourceTree = "<group>"; };
		689A3BB61A66AFBE006EB8D3 /* ShinobiPlayChartsUtils.xcodeproj */ = {isa = PBXFileReference; lastKnownFileType = "wrapper.pb-project"; name = ShinobiPlayChartsUtils.xcodeproj; path = ShinobiPlayChartsUtils/ShinobiPlayChartsUtils/ShinobiPlayChartsUtils.xcodeproj; sourceTree = "<group>"; };
		689A3BC11A66B057006EB8D3 /* libShinobiPlayUtils.a */ = {isa = PBXFileReference; lastKnownFileType = archive.ar; name = libShinobiPlayUtils.a; path = "ShinobiPlayChartsUtils/ShinobiPlayChartsUtils/ShinobiPlayUtils/ShinobiPlayUtils/build/Debug-iphoneos/libShinobiPlayUtils.a"; sourceTree = "<group>"; };
		68C4098A196AB046006345A6 /* TourDeFranceLineChart.app */ = {isa = PBXFileReference; explicitFileType = wrapper.application; includeInIndex = 0; path = TourDeFranceLineChart.app; sourceTree = BUILT_PRODUCTS_DIR; };
		68C4098D196AB046006345A6 /* Foundation.framework */ = {isa = PBXFileReference; lastKnownFileType = wrapper.framework; name = Foundation.framework; path = System/Library/Frameworks/Foundation.framework; sourceTree = SDKROOT; };
		68C4098F196AB046006345A6 /* CoreGraphics.framework */ = {isa = PBXFileReference; lastKnownFileType = wrapper.framework; name = CoreGraphics.framework; path = System/Library/Frameworks/CoreGraphics.framework; sourceTree = SDKROOT; };
		68C40991196AB046006345A6 /* UIKit.framework */ = {isa = PBXFileReference; lastKnownFileType = wrapper.framework; name = UIKit.framework; path = System/Library/Frameworks/UIKit.framework; sourceTree = SDKROOT; };
		68C40995196AB046006345A6 /* TourDeFranceLineChart-Info.plist */ = {isa = PBXFileReference; lastKnownFileType = text.plist.xml; path = "TourDeFranceLineChart-Info.plist"; sourceTree = "<group>"; };
		68C40997196AB046006345A6 /* en */ = {isa = PBXFileReference; lastKnownFileType = text.plist.strings; name = en; path = en.lproj/InfoPlist.strings; sourceTree = "<group>"; };
		68C40999196AB046006345A6 /* main.m */ = {isa = PBXFileReference; lastKnownFileType = sourcecode.c.objc; path = main.m; sourceTree = "<group>"; };
		68C4099B196AB046006345A6 /* TourDeFranceLineChart-Prefix.pch */ = {isa = PBXFileReference; lastKnownFileType = sourcecode.c.h; path = "TourDeFranceLineChart-Prefix.pch"; sourceTree = "<group>"; };
		68C4099C196AB046006345A6 /* TDFAppDelegate.h */ = {isa = PBXFileReference; lastKnownFileType = sourcecode.c.h; path = TDFAppDelegate.h; sourceTree = "<group>"; };
		68C4099D196AB046006345A6 /* TDFAppDelegate.m */ = {isa = PBXFileReference; lastKnownFileType = sourcecode.c.objc; path = TDFAppDelegate.m; sourceTree = "<group>"; };
		68C409A0196AB046006345A6 /* Base */ = {isa = PBXFileReference; lastKnownFileType = file.storyboard; name = Base; path = Base.lproj/Main.storyboard; sourceTree = "<group>"; };
		68C409A2196AB046006345A6 /* TDFViewController.h */ = {isa = PBXFileReference; lastKnownFileType = sourcecode.c.h; path = TDFViewController.h; sourceTree = "<group>"; };
		68C409A3196AB046006345A6 /* TDFViewController.m */ = {isa = PBXFileReference; lastKnownFileType = sourcecode.c.objc; path = TDFViewController.m; sourceTree = "<group>"; };
		68C409A5196AB046006345A6 /* Images.xcassets */ = {isa = PBXFileReference; lastKnownFileType = folder.assetcatalog; path = Images.xcassets; sourceTree = "<group>"; };
		68C409AC196AB046006345A6 /* XCTest.framework */ = {isa = PBXFileReference; lastKnownFileType = wrapper.framework; name = XCTest.framework; path = Library/Frameworks/XCTest.framework; sourceTree = DEVELOPER_DIR; };
		68C409CC196AB3BD006345A6 /* ShinobiCharts.framework */ = {isa = PBXFileReference; lastKnownFileType = wrapper.framework; name = ShinobiCharts.framework; path = Library/Frameworks/ShinobiCharts.framework; sourceTree = DEVELOPER_DIR; };
		68C409CE196AC65D006345A6 /* TDFDataSource.h */ = {isa = PBXFileReference; fileEncoding = 4; lastKnownFileType = sourcecode.c.h; path = TDFDataSource.h; sourceTree = "<group>"; };
		68C409CF196AC65D006345A6 /* TDFDataSource.m */ = {isa = PBXFileReference; fileEncoding = 4; lastKnownFileType = sourcecode.c.objc; path = TDFDataSource.m; sourceTree = "<group>"; };
		68C409D1196AC698006345A6 /* TDFChartData.h */ = {isa = PBXFileReference; fileEncoding = 4; lastKnownFileType = sourcecode.c.h; path = TDFChartData.h; sourceTree = "<group>"; };
		68C409D2196AC698006345A6 /* TDFChartData.m */ = {isa = PBXFileReference; fileEncoding = 4; lastKnownFileType = sourcecode.c.objc; path = TDFChartData.m; sourceTree = "<group>"; };
		68C409D3196AC698006345A6 /* tdf2012_peaks.plist */ = {isa = PBXFileReference; fileEncoding = 4; lastKnownFileType = text.plist.xml; path = tdf2012_peaks.plist; sourceTree = "<group>"; };
		68C409D4196AC698006345A6 /* TDFPeak.h */ = {isa = PBXFileReference; fileEncoding = 4; lastKnownFileType = sourcecode.c.h; path = TDFPeak.h; sourceTree = "<group>"; };
		68C409D5196AC698006345A6 /* TDFPeak.m */ = {isa = PBXFileReference; fileEncoding = 4; lastKnownFileType = sourcecode.c.objc; path = TDFPeak.m; sourceTree = "<group>"; };
		68C409D9196AC79A006345A6 /* libstdc++.dylib */ = {isa = PBXFileReference; lastKnownFileType = "compiled.mach-o.dylib"; name = "libstdc++.dylib"; path = "usr/lib/libstdc++.dylib"; sourceTree = SDKROOT; };
		68C409DB196AC925006345A6 /* tdf2012_distElev.plist */ = {isa = PBXFileReference; lastKnownFileType = file.bplist; path = tdf2012_distElev.plist; sourceTree = "<group>"; };
		68C409DD196ADCAF006345A6 /* TDFSignAnnotation.h */ = {isa = PBXFileReference; fileEncoding = 4; lastKnownFileType = sourcecode.c.h; path = TDFSignAnnotation.h; sourceTree = "<group>"; };
		68C409DE196ADCAF006345A6 /* TDFSignAnnotation.m */ = {isa = PBXFileReference; fileEncoding = 4; lastKnownFileType = sourcecode.c.objc; path = TDFSignAnnotation.m; sourceTree = "<group>"; };
		68C409DF196ADCAF006345A6 /* TDFSignArrowView.h */ = {isa = PBXFileReference; fileEncoding = 4; lastKnownFileType = sourcecode.c.h; path = TDFSignArrowView.h; sourceTree = "<group>"; };
		68C409E0196ADCAF006345A6 /* TDFSignArrowView.m */ = {isa = PBXFileReference; fileEncoding = 4; lastKnownFileType = sourcecode.c.objc; path = TDFSignArrowView.m; sourceTree = "<group>"; };
		68C409E1196ADCAF006345A6 /* TDFPeakAnnotation.h */ = {isa = PBXFileReference; fileEncoding = 4; lastKnownFileType = sourcecode.c.h; path = TDFPeakAnnotation.h; sourceTree = "<group>"; };
		68C409E2196ADCAF006345A6 /* TDFPeakAnnotation.m */ = {isa = PBXFileReference; fileEncoding = 4; lastKnownFileType = sourcecode.c.objc; path = TDFPeakAnnotation.m; sourceTree = "<group>"; };
		68C409E6196C020B006345A6 /* TDFCrosshairTooltip.h */ = {isa = PBXFileReference; fileEncoding = 4; lastKnownFileType = sourcecode.c.h; path = TDFCrosshairTooltip.h; sourceTree = "<group>"; };
		68C409E7196C020B006345A6 /* TDFCrosshairTooltip.m */ = {isa = PBXFileReference; fileEncoding = 4; lastKnownFileType = sourcecode.c.objc; path = TDFCrosshairTooltip.m; sourceTree = "<group>"; };
/* End PBXFileReference section */

/* Begin PBXFrameworksBuildPhase section */
		68C40987196AB046006345A6 /* Frameworks */ = {
			isa = PBXFrameworksBuildPhase;
			buildActionMask = 2147483647;
			files = (
				689A3BC01A66B050006EB8D3 /* libShinobiPlayChartsUtils.a in Frameworks */,
				68C409DA196AC79A006345A6 /* libstdc++.dylib in Frameworks */,
				68C409CD196AB3BD006345A6 /* ShinobiCharts.framework in Frameworks */,
				68C40990196AB046006345A6 /* CoreGraphics.framework in Frameworks */,
				68C40992196AB046006345A6 /* UIKit.framework in Frameworks */,
				68C4098E196AB046006345A6 /* Foundation.framework in Frameworks */,
			);
			runOnlyForDeploymentPostprocessing = 0;
		};
/* End PBXFrameworksBuildPhase section */

/* Begin PBXGroup section */
		682C3F5C1A6E44C800EF95D0 /* Fonts */ = {
			isa = PBXGroup;
			children = (
				682C3F5D1A6E44C800EF95D0 /* Roboto-Black.ttf */,
				682C3F5E1A6E44C800EF95D0 /* Roboto-BlackItalic.ttf */,
				682C3F5F1A6E44C800EF95D0 /* Roboto-Bold.ttf */,
				682C3F601A6E44C800EF95D0 /* Roboto-BoldItalic.ttf */,
				682C3F611A6E44C800EF95D0 /* Roboto-Italic.ttf */,
				682C3F621A6E44C800EF95D0 /* Roboto-Light.ttf */,
				682C3F631A6E44C800EF95D0 /* Roboto-LightItalic.ttf */,
				682C3F641A6E44C800EF95D0 /* Roboto-Medium.ttf */,
				682C3F651A6E44C800EF95D0 /* Roboto-MediumItalic.ttf */,
				682C3F661A6E44C800EF95D0 /* Roboto-Regular.ttf */,
				682C3F671A6E44C800EF95D0 /* Roboto-Thin.ttf */,
				682C3F681A6E44C800EF95D0 /* Roboto-ThinItalic.ttf */,
			);
			name = Fonts;
			path = ShinobiPlayChartsUtils/ShinobiPlayChartsUtils/ShinobiPlayUtils/ShinobiPlayUtils/ShinobiPlayUtils/Fonts;
			sourceTree = SOURCE_ROOT;
		};
		689A3BB71A66AFBE006EB8D3 /* Products */ = {
			isa = PBXGroup;
			children = (
				689A3BBD1A66AFBE006EB8D3 /* libShinobiPlayChartsUtils.a */,
				689A3BBF1A66AFBE006EB8D3 /* ShinobiPlayChartsUtilsTests.xctest */,
			);
			name = Products;
			sourceTree = "<group>";
		};
		68C40981196AB046006345A6 = {
			isa = PBXGroup;
			children = (
				689A3BB61A66AFBE006EB8D3 /* ShinobiPlayChartsUtils.xcodeproj */,
				68C40993196AB046006345A6 /* TourDeFranceLineChart */,
				68C4098C196AB046006345A6 /* Frameworks */,
				68C4098B196AB046006345A6 /* Products */,
			);
			sourceTree = "<group>";
		};
		68C4098B196AB046006345A6 /* Products */ = {
			isa = PBXGroup;
			children = (
				68C4098A196AB046006345A6 /* TourDeFranceLineChart.app */,
			);
			name = Products;
			sourceTree = "<group>";
		};
		68C4098C196AB046006345A6 /* Frameworks */ = {
			isa = PBXGroup;
			children = (
				689A3BC11A66B057006EB8D3 /* libShinobiPlayUtils.a */,
				68C409D9196AC79A006345A6 /* libstdc++.dylib */,
				68C409CC196AB3BD006345A6 /* ShinobiCharts.framework */,
				68C4098D196AB046006345A6 /* Foundation.framework */,
				68C4098F196AB046006345A6 /* CoreGraphics.framework */,
				68C40991196AB046006345A6 /* UIKit.framework */,
				68C409AC196AB046006345A6 /* XCTest.framework */,
			);
			name = Frameworks;
			sourceTree = "<group>";
		};
		68C40993196AB046006345A6 /* TourDeFranceLineChart */ = {
			isa = PBXGroup;
			children = (
				682C3F5C1A6E44C800EF95D0 /* Fonts */,
				68FCC082196C10EF0020AD05 /* Data */,
				68FCC081196C10E00020AD05 /* Annotations */,
				68C409E6196C020B006345A6 /* TDFCrosshairTooltip.h */,
				68C409E7196C020B006345A6 /* TDFCrosshairTooltip.m */,
				68C4099C196AB046006345A6 /* TDFAppDelegate.h */,
				68C4099D196AB046006345A6 /* TDFAppDelegate.m */,
				68C4099F196AB046006345A6 /* Main.storyboard */,
				68C409A2196AB046006345A6 /* TDFViewController.h */,
				68C409A3196AB046006345A6 /* TDFViewController.m */,
				68C409A5196AB046006345A6 /* Images.xcassets */,
				68C40994196AB046006345A6 /* Supporting Files */,
			);
			path = TourDeFranceLineChart;
			sourceTree = "<group>";
		};
		68C40994196AB046006345A6 /* Supporting Files */ = {
			isa = PBXGroup;
			children = (
				68C40995196AB046006345A6 /* TourDeFranceLineChart-Info.plist */,
				68C40996196AB046006345A6 /* InfoPlist.strings */,
				68C40999196AB046006345A6 /* main.m */,
				68C4099B196AB046006345A6 /* TourDeFranceLineChart-Prefix.pch */,
			);
			name = "Supporting Files";
			sourceTree = "<group>";
		};
		68FCC081196C10E00020AD05 /* Annotations */ = {
			isa = PBXGroup;
			children = (
				68C409DD196ADCAF006345A6 /* TDFSignAnnotation.h */,
				68C409DE196ADCAF006345A6 /* TDFSignAnnotation.m */,
				68C409DF196ADCAF006345A6 /* TDFSignArrowView.h */,
				68C409E0196ADCAF006345A6 /* TDFSignArrowView.m */,
				68C409E1196ADCAF006345A6 /* TDFPeakAnnotation.h */,
				68C409E2196ADCAF006345A6 /* TDFPeakAnnotation.m */,
			);
			name = Annotations;
			sourceTree = "<group>";
		};
		68FCC082196C10EF0020AD05 /* Data */ = {
			isa = PBXGroup;
			children = (
				68C409DB196AC925006345A6 /* tdf2012_distElev.plist */,
				68C409D3196AC698006345A6 /* tdf2012_peaks.plist */,
				68C409D1196AC698006345A6 /* TDFChartData.h */,
				68C409D2196AC698006345A6 /* TDFChartData.m */,
				68C409D4196AC698006345A6 /* TDFPeak.h */,
				68C409D5196AC698006345A6 /* TDFPeak.m */,
				68C409CE196AC65D006345A6 /* TDFDataSource.h */,
				68C409CF196AC65D006345A6 /* TDFDataSource.m */,
			);
			name = Data;
			sourceTree = "<group>";
		};
/* End PBXGroup section */

/* Begin PBXNativeTarget section */
		68C40989196AB046006345A6 /* TourDeFranceLineChart */ = {
			isa = PBXNativeTarget;
			buildConfigurationList = 68C409BC196AB046006345A6 /* Build configuration list for PBXNativeTarget "TourDeFranceLineChart" */;
			buildPhases = (
				68C40986196AB046006345A6 /* Sources */,
				68C40987196AB046006345A6 /* Frameworks */,
				68C40988196AB046006345A6 /* Resources */,
			);
			buildRules = (
			);
			dependencies = (
			);
			name = TourDeFranceLineChart;
			productName = FeaturedLineChart;
			productReference = 68C4098A196AB046006345A6 /* TourDeFranceLineChart.app */;
			productType = "com.apple.product-type.application";
		};
/* End PBXNativeTarget section */

/* Begin PBXProject section */
		68C40982196AB046006345A6 /* Project object */ = {
			isa = PBXProject;
			attributes = {
				CLASSPREFIX = FeaturedLineChart;
				LastUpgradeCheck = 0510;
				ORGANIZATIONNAME = "Alison Clarke";
			};
			buildConfigurationList = 68C40985196AB046006345A6 /* Build configuration list for PBXProject "TourDeFranceLineChart" */;
			compatibilityVersion = "Xcode 3.2";
			developmentRegion = English;
			hasScannedForEncodings = 0;
			knownRegions = (
				en,
				Base,
			);
			mainGroup = 68C40981196AB046006345A6;
			productRefGroup = 68C4098B196AB046006345A6 /* Products */;
			projectDirPath = "";
			projectReferences = (
				{
					ProductGroup = 689A3BB71A66AFBE006EB8D3 /* Products */;
					ProjectRef = 689A3BB61A66AFBE006EB8D3 /* ShinobiPlayChartsUtils.xcodeproj */;
				},
			);
			projectRoot = "";
			targets = (
				68C40989196AB046006345A6 /* TourDeFranceLineChart */,
			);
		};
/* End PBXProject section */

/* Begin PBXReferenceProxy section */
		689A3BBD1A66AFBE006EB8D3 /* libShinobiPlayChartsUtils.a */ = {
			isa = PBXReferenceProxy;
			fileType = archive.ar;
			path = libShinobiPlayChartsUtils.a;
			remoteRef = 689A3BBC1A66AFBE006EB8D3 /* PBXContainerItemProxy */;
			sourceTree = BUILT_PRODUCTS_DIR;
		};
		689A3BBF1A66AFBE006EB8D3 /* ShinobiPlayChartsUtilsTests.xctest */ = {
			isa = PBXReferenceProxy;
			fileType = wrapper.cfbundle;
			path = ShinobiPlayChartsUtilsTests.xctest;
			remoteRef = 689A3BBE1A66AFBE006EB8D3 /* PBXContainerItemProxy */;
			sourceTree = BUILT_PRODUCTS_DIR;
		};
/* End PBXReferenceProxy section */

/* Begin PBXResourcesBuildPhase section */
		68C40988196AB046006345A6 /* Resources */ = {
			isa = PBXResourcesBuildPhase;
			buildActionMask = 2147483647;
			files = (
				682C3F731A6E44C800EF95D0 /* Roboto-Thin.ttf in Resources */,
				682C3F701A6E44C800EF95D0 /* Roboto-Medium.ttf in Resources */,
				682C3F6C1A6E44C800EF95D0 /* Roboto-BoldItalic.ttf in Resources */,
				68C409A6196AB046006345A6 /* Images.xcassets in Resources */,
				682C3F6F1A6E44C800EF95D0 /* Roboto-LightItalic.ttf in Resources */,
				682C3F711A6E44C800EF95D0 /* Roboto-MediumItalic.ttf in Resources */,
				68C409DC196AC925006345A6 /* tdf2012_distElev.plist in Resources */,
				682C3F6E1A6E44C800EF95D0 /* Roboto-Light.ttf in Resources */,
				68C40998196AB046006345A6 /* InfoPlist.strings in Resources */,
				682C3F6A1A6E44C800EF95D0 /* Roboto-BlackItalic.ttf in Resources */,
				682C3F741A6E44C800EF95D0 /* Roboto-ThinItalic.ttf in Resources */,
				68C409A1196AB046006345A6 /* Main.storyboard in Resources */,
				68C409D7196AC698006345A6 /* tdf2012_peaks.plist in Resources */,
				682C3F6D1A6E44C800EF95D0 /* Roboto-Italic.ttf in Resources */,
				682C3F721A6E44C800EF95D0 /* Roboto-Regular.ttf in Resources */,
				682C3F6B1A6E44C800EF95D0 /* Roboto-Bold.ttf in Resources */,
				682C3F691A6E44C800EF95D0 /* Roboto-Black.ttf in Resources */,
			);
			runOnlyForDeploymentPostprocessing = 0;
		};
/* End PBXResourcesBuildPhase section */

/* Begin PBXSourcesBuildPhase section */
		68C40986196AB046006345A6 /* Sources */ = {
			isa = PBXSourcesBuildPhase;
			buildActionMask = 2147483647;
			files = (
				68C409E3196ADCAF006345A6 /* TDFSignAnnotation.m in Sources */,
				68C409E4196ADCAF006345A6 /* TDFSignArrowView.m in Sources */,
				68C409A4196AB046006345A6 /* TDFViewController.m in Sources */,
				68C409D8196AC698006345A6 /* TDFPeak.m in Sources */,
				68C409E5196ADCAF006345A6 /* TDFPeakAnnotation.m in Sources */,
				68C409E8196C020B006345A6 /* TDFCrosshairTooltip.m in Sources */,
				68C409D0196AC65D006345A6 /* TDFDataSource.m in Sources */,
				68C4099A196AB046006345A6 /* main.m in Sources */,
				68C4099E196AB046006345A6 /* TDFAppDelegate.m in Sources */,
				68C409D6196AC698006345A6 /* TDFChartData.m in Sources */,
			);
			runOnlyForDeploymentPostprocessing = 0;
		};
/* End PBXSourcesBuildPhase section */

/* Begin PBXVariantGroup section */
		68C40996196AB046006345A6 /* InfoPlist.strings */ = {
			isa = PBXVariantGroup;
			children = (
				68C40997196AB046006345A6 /* en */,
			);
			name = InfoPlist.strings;
			sourceTree = "<group>";
		};
		68C4099F196AB046006345A6 /* Main.storyboard */ = {
			isa = PBXVariantGroup;
			children = (
				68C409A0196AB046006345A6 /* Base */,
			);
			name = Main.storyboard;
			sourceTree = "<group>";
		};
/* End PBXVariantGroup section */

/* Begin XCBuildConfiguration section */
		68C409BA196AB046006345A6 /* Debug */ = {
			isa = XCBuildConfiguration;
			buildSettings = {
				ALWAYS_SEARCH_USER_PATHS = NO;
				CLANG_CXX_LANGUAGE_STANDARD = "gnu++0x";
				CLANG_CXX_LIBRARY = "libc++";
				CLANG_ENABLE_MODULES = YES;
				CLANG_ENABLE_OBJC_ARC = YES;
				CLANG_WARN_BOOL_CONVERSION = YES;
				CLANG_WARN_CONSTANT_CONVERSION = YES;
				CLANG_WARN_DIRECT_OBJC_ISA_USAGE = YES_ERROR;
				CLANG_WARN_EMPTY_BODY = YES;
				CLANG_WARN_ENUM_CONVERSION = YES;
				CLANG_WARN_INT_CONVERSION = YES;
				CLANG_WARN_OBJC_ROOT_CLASS = YES_ERROR;
				CLANG_WARN__DUPLICATE_METHOD_MATCH = YES;
				"CODE_SIGN_IDENTITY[sdk=iphoneos*]" = "iPhone Developer";
				COPY_PHASE_STRIP = NO;
				GCC_C_LANGUAGE_STANDARD = gnu99;
				GCC_DYNAMIC_NO_PIC = NO;
				GCC_OPTIMIZATION_LEVEL = 0;
				GCC_PREPROCESSOR_DEFINITIONS = (
					"DEBUG=1",
					"$(inherited)",
				);
				GCC_SYMBOLS_PRIVATE_EXTERN = NO;
				GCC_WARN_64_TO_32_BIT_CONVERSION = YES;
				GCC_WARN_ABOUT_RETURN_TYPE = YES_ERROR;
				GCC_WARN_UNDECLARED_SELECTOR = YES;
				GCC_WARN_UNINITIALIZED_AUTOS = YES_AGGRESSIVE;
				GCC_WARN_UNUSED_FUNCTION = YES;
				GCC_WARN_UNUSED_VARIABLE = YES;
				IPHONEOS_DEPLOYMENT_TARGET = 7.1;
				ONLY_ACTIVE_ARCH = YES;
				SDKROOT = iphoneos;
				TARGETED_DEVICE_FAMILY = 2;
			};
			name = Debug;
		};
		68C409BB196AB046006345A6 /* Release */ = {
			isa = XCBuildConfiguration;
			buildSettings = {
				ALWAYS_SEARCH_USER_PATHS = NO;
				CLANG_CXX_LANGUAGE_STANDARD = "gnu++0x";
				CLANG_CXX_LIBRARY = "libc++";
				CLANG_ENABLE_MODULES = YES;
				CLANG_ENABLE_OBJC_ARC = YES;
				CLANG_WARN_BOOL_CONVERSION = YES;
				CLANG_WARN_CONSTANT_CONVERSION = YES;
				CLANG_WARN_DIRECT_OBJC_ISA_USAGE = YES_ERROR;
				CLANG_WARN_EMPTY_BODY = YES;
				CLANG_WARN_ENUM_CONVERSION = YES;
				CLANG_WARN_INT_CONVERSION = YES;
				CLANG_WARN_OBJC_ROOT_CLASS = YES_ERROR;
				CLANG_WARN__DUPLICATE_METHOD_MATCH = YES;
				"CODE_SIGN_IDENTITY[sdk=iphoneos*]" = "iPhone Developer";
				COPY_PHASE_STRIP = YES;
				ENABLE_NS_ASSERTIONS = NO;
				GCC_C_LANGUAGE_STANDARD = gnu99;
				GCC_WARN_64_TO_32_BIT_CONVERSION = YES;
				GCC_WARN_ABOUT_RETURN_TYPE = YES_ERROR;
				GCC_WARN_UNDECLARED_SELECTOR = YES;
				GCC_WARN_UNINITIALIZED_AUTOS = YES_AGGRESSIVE;
				GCC_WARN_UNUSED_FUNCTION = YES;
				GCC_WARN_UNUSED_VARIABLE = YES;
				IPHONEOS_DEPLOYMENT_TARGET = 7.1;
				SDKROOT = iphoneos;
				TARGETED_DEVICE_FAMILY = 2;
				VALIDATE_PRODUCT = YES;
			};
			name = Release;
		};
		68C409BD196AB046006345A6 /* Debug */ = {
			isa = XCBuildConfiguration;
			buildSettings = {
				ASSETCATALOG_COMPILER_APPICON_NAME = AppIcon;
				ASSETCATALOG_COMPILER_LAUNCHIMAGE_NAME = LaunchImage;
				FRAMEWORK_SEARCH_PATHS = (
					"$(inherited)",
					"$(DEVELOPER_FRAMEWORKS_DIR)",
				);
				GCC_PRECOMPILE_PREFIX_HEADER = YES;
				GCC_PREFIX_HEADER = "TourDeFranceLineChart/TourDeFranceLineChart-Prefix.pch";
				INFOPLIST_FILE = "TourDeFranceLineChart/TourDeFranceLineChart-Info.plist";
				LIBRARY_SEARCH_PATHS = (
					"$(inherited)",
					"$(PROJECT_DIR)/ShinobiPlayChartsUtils/ShinobiPlayChartsUtils/ShinobiPlayUtils/ShinobiPlayUtils/build/Debug-iphoneos",
				);
				OTHER_LDFLAGS = "-all_load";
				PRODUCT_NAME = TourDeFranceLineChart;
				WRAPPER_EXTENSION = app;
			};
			name = Debug;
		};
		68C409BE196AB046006345A6 /* Release */ = {
			isa = XCBuildConfiguration;
			buildSettings = {
				ASSETCATALOG_COMPILER_APPICON_NAME = AppIcon;
				ASSETCATALOG_COMPILER_LAUNCHIMAGE_NAME = LaunchImage;
				FRAMEWORK_SEARCH_PATHS = (
					"$(inherited)",
					"$(DEVELOPER_FRAMEWORKS_DIR)",
				);
				GCC_PRECOMPILE_PREFIX_HEADER = YES;
				GCC_PREFIX_HEADER = "TourDeFranceLineChart/TourDeFranceLineChart-Prefix.pch";
				INFOPLIST_FILE = "TourDeFranceLineChart/TourDeFranceLineChart-Info.plist";
				LIBRARY_SEARCH_PATHS = (
					"$(inherited)",
					"$(PROJECT_DIR)/ShinobiPlayChartsUtils/ShinobiPlayChartsUtils/ShinobiPlayUtils/ShinobiPlayUtils/build/Debug-iphoneos",
				);
				OTHER_LDFLAGS = "-all_load";
				PRODUCT_NAME = TourDeFranceLineChart;
				WRAPPER_EXTENSION = app;
			};
			name = Release;
		};
/* End XCBuildConfiguration section */

/* Begin XCConfigurationList section */
		68C40985196AB046006345A6 /* Build configuration list for PBXProject "TourDeFranceLineChart" */ = {
			isa = XCConfigurationList;
			buildConfigurations = (
				68C409BA196AB046006345A6 /* Debug */,
				68C409BB196AB046006345A6 /* Release */,
			);
			defaultConfigurationIsVisible = 0;
			defaultConfigurationName = Release;
		};
		68C409BC196AB046006345A6 /* Build configuration list for PBXNativeTarget "TourDeFranceLineChart" */ = {
			isa = XCConfigurationList;
			buildConfigurations = (
				68C409BD196AB046006345A6 /* Debug */,
				68C409BE196AB046006345A6 /* Release */,
			);
			defaultConfigurationIsVisible = 0;
			defaultConfigurationName = Release;
		};
/* End XCConfigurationList section */
	};
	rootObject = 68C40982196AB046006345A6 /* Project object */;
}
